// !$*UTF8*$!
{
	archiveVersion = 1;
	classes = {
	};
	objectVersion = 46;
	objects = {

/* Begin PBXBuildFile section */
		5E09E2AB1E6FDE2100ABF3E6 /* main.m in Sources */ = {isa = PBXBuildFile; fileRef = 5E09E2AA1E6FDE2100ABF3E6 /* main.m */; };
		5E09E2AE1E6FDE2100ABF3E6 /* AppDelegate.m in Sources */ = {isa = PBXBuildFile; fileRef = 5E09E2AD1E6FDE2100ABF3E6 /* AppDelegate.m */; };
		5E09E2B11E6FDE2100ABF3E6 /* ViewController.m in Sources */ = {isa = PBXBuildFile; fileRef = 5E09E2B01E6FDE2100ABF3E6 /* ViewController.m */; };
		5E09E2B41E6FDE2100ABF3E6 /* Main.storyboard in Resources */ = {isa = PBXBuildFile; fileRef = 5E09E2B21E6FDE2100ABF3E6 /* Main.storyboard */; };
		5E09E2B61E6FDE2100ABF3E6 /* Assets.xcassets in Resources */ = {isa = PBXBuildFile; fileRef = 5E09E2B51E6FDE2100ABF3E6 /* Assets.xcassets */; };
		5E09E2B91E6FDE2100ABF3E6 /* LaunchScreen.storyboard in Resources */ = {isa = PBXBuildFile; fileRef = 5E09E2B71E6FDE2100ABF3E6 /* LaunchScreen.storyboard */; };
		5E09E2C61E6FE00F00ABF3E6 /* AVFoundation.framework in Frameworks */ = {isa = PBXBuildFile; fileRef = 5E09E2C51E6FE00F00ABF3E6 /* AVFoundation.framework */; };
		5E09E2DF1E7000F100ABF3E6 /* XLAVPlayer.m in Sources */ = {isa = PBXBuildFile; fileRef = 5E09E2D51E7000F100ABF3E6 /* XLAVPlayer.m */; };
		5E09E2E01E7000F100ABF3E6 /* XLPlayerBottomBar.m in Sources */ = {isa = PBXBuildFile; fileRef = 5E09E2D71E7000F100ABF3E6 /* XLPlayerBottomBar.m */; };
		5E09E2E11E7000F100ABF3E6 /* XLPlayerControlView.m in Sources */ = {isa = PBXBuildFile; fileRef = 5E09E2D91E7000F100ABF3E6 /* XLPlayerControlView.m */; };
		5E09E2E21E7000F100ABF3E6 /* XLPlayerProgress.m in Sources */ = {isa = PBXBuildFile; fileRef = 5E09E2DB1E7000F100ABF3E6 /* XLPlayerProgress.m */; };
		5E09E2E31E7000F100ABF3E6 /* XLPlayerTopBar.m in Sources */ = {isa = PBXBuildFile; fileRef = 5E09E2DD1E7000F100ABF3E6 /* XLPlayerTopBar.m */; };
		5E09E2E61E70010000ABF3E6 /* player_play.png in Resources */ = {isa = PBXBuildFile; fileRef = 5E09E2E41E70010000ABF3E6 /* player_play.png */; };
		5E09E2E71E70010000ABF3E6 /* player_pause.png in Resources */ = {isa = PBXBuildFile; fileRef = 5E09E2E51E70010000ABF3E6 /* player_pause.png */; };
		5E09E2EA1E7004CC00ABF3E6 /* existFullScreen.png in Resources */ = {isa = PBXBuildFile; fileRef = 5E09E2E81E7004CC00ABF3E6 /* existFullScreen.png */; };
		5E09E2EB1E7004CC00ABF3E6 /* goToFullScreen.png in Resources */ = {isa = PBXBuildFile; fileRef = 5E09E2E91E7004CC00ABF3E6 /* goToFullScreen.png */; };
		5E09E2EE1E700BCD00ABF3E6 /* XLPlayerUtil.m in Sources */ = {isa = PBXBuildFile; fileRef = 5E09E2ED1E700BCD00ABF3E6 /* XLPlayerUtil.m */; };
		5E09E2F21E700ECA00ABF3E6 /* sliderThumImage@2x.png in Resources */ = {isa = PBXBuildFile; fileRef = 5E09E2F11E700ECA00ABF3E6 /* sliderThumImage@2x.png */; };
		5EECB8261E768C32000E7DD4 /* ShowPlayerViewController.m in Sources */ = {isa = PBXBuildFile; fileRef = 5EECB8251E768C32000E7DD4 /* ShowPlayerViewController.m */; };
		5EECB8281E769D91000E7DD4 /* player_backButton.png in Resources */ = {isa = PBXBuildFile; fileRef = 5EECB8271E769D91000E7DD4 /* player_backButton.png */; };
		5EECB82B1E76A38D000E7DD4 /* XLPlayerPanView.m in Sources */ = {isa = PBXBuildFile; fileRef = 5EECB82A1E76A38D000E7DD4 /* XLPlayerPanView.m */; };
/* End PBXBuildFile section */

/* Begin PBXFileReference section */
		5E09E2A61E6FDE2100ABF3E6 /* XLAVPlayerDemo.app */ = {isa = PBXFileReference; explicitFileType = wrapper.application; includeInIndex = 0; path = XLAVPlayerDemo.app; sourceTree = BUILT_PRODUCTS_DIR; };
		5E09E2AA1E6FDE2100ABF3E6 /* main.m */ = {isa = PBXFileReference; lastKnownFileType = sourcecode.c.objc; path = main.m; sourceTree = "<group>"; };
		5E09E2AC1E6FDE2100ABF3E6 /* AppDelegate.h */ = {isa = PBXFileReference; lastKnownFileType = sourcecode.c.h; path = AppDelegate.h; sourceTree = "<group>"; };
		5E09E2AD1E6FDE2100ABF3E6 /* AppDelegate.m */ = {isa = PBXFileReference; lastKnownFileType = sourcecode.c.objc; path = AppDelegate.m; sourceTree = "<group>"; };
		5E09E2AF1E6FDE2100ABF3E6 /* ViewController.h */ = {isa = PBXFileReference; lastKnownFileType = sourcecode.c.h; path = ViewController.h; sourceTree = "<group>"; };
		5E09E2B01E6FDE2100ABF3E6 /* ViewController.m */ = {isa = PBXFileReference; lastKnownFileType = sourcecode.c.objc; path = ViewController.m; sourceTree = "<group>"; };
		5E09E2B31E6FDE2100ABF3E6 /* Base */ = {isa = PBXFileReference; lastKnownFileType = file.storyboard; name = Base; path = Base.lproj/Main.storyboard; sourceTree = "<group>"; };
		5E09E2B51E6FDE2100ABF3E6 /* Assets.xcassets */ = {isa = PBXFileReference; lastKnownFileType = folder.assetcatalog; path = Assets.xcassets; sourceTree = "<group>"; };
		5E09E2B81E6FDE2100ABF3E6 /* Base */ = {isa = PBXFileReference; lastKnownFileType = file.storyboard; name = Base; path = Base.lproj/LaunchScreen.storyboard; sourceTree = "<group>"; };
		5E09E2BA1E6FDE2100ABF3E6 /* Info.plist */ = {isa = PBXFileReference; lastKnownFileType = text.plist.xml; path = Info.plist; sourceTree = "<group>"; };
		5E09E2C51E6FE00F00ABF3E6 /* AVFoundation.framework */ = {isa = PBXFileReference; lastKnownFileType = wrapper.framework; name = AVFoundation.framework; path = System/Library/Frameworks/AVFoundation.framework; sourceTree = SDKROOT; };
		5E09E2D41E7000F100ABF3E6 /* XLAVPlayer.h */ = {isa = PBXFileReference; fileEncoding = 4; lastKnownFileType = sourcecode.c.h; path = XLAVPlayer.h; sourceTree = "<group>"; };
		5E09E2D51E7000F100ABF3E6 /* XLAVPlayer.m */ = {isa = PBXFileReference; fileEncoding = 4; lastKnownFileType = sourcecode.c.objc; path = XLAVPlayer.m; sourceTree = "<group>"; };
		5E09E2D61E7000F100ABF3E6 /* XLPlayerBottomBar.h */ = {isa = PBXFileReference; fileEncoding = 4; lastKnownFileType = sourcecode.c.h; path = XLPlayerBottomBar.h; sourceTree = "<group>"; };
		5E09E2D71E7000F100ABF3E6 /* XLPlayerBottomBar.m */ = {isa = PBXFileReference; fileEncoding = 4; lastKnownFileType = sourcecode.c.objc; path = XLPlayerBottomBar.m; sourceTree = "<group>"; };
		5E09E2D81E7000F100ABF3E6 /* XLPlayerControlView.h */ = {isa = PBXFileReference; fileEncoding = 4; lastKnownFileType = sourcecode.c.h; path = XLPlayerControlView.h; sourceTree = "<group>"; };
		5E09E2D91E7000F100ABF3E6 /* XLPlayerControlView.m */ = {isa = PBXFileReference; fileEncoding = 4; lastKnownFileType = sourcecode.c.objc; path = XLPlayerControlView.m; sourceTree = "<group>"; };
		5E09E2DA1E7000F100ABF3E6 /* XLPlayerProgress.h */ = {isa = PBXFileReference; fileEncoding = 4; lastKnownFileType = sourcecode.c.h; path = XLPlayerProgress.h; sourceTree = "<group>"; };
		5E09E2DB1E7000F100ABF3E6 /* XLPlayerProgress.m */ = {isa = PBXFileReference; fileEncoding = 4; lastKnownFileType = sourcecode.c.objc; path = XLPlayerProgress.m; sourceTree = "<group>"; };
		5E09E2DC1E7000F100ABF3E6 /* XLPlayerTopBar.h */ = {isa = PBXFileReference; fileEncoding = 4; lastKnownFileType = sourcecode.c.h; path = XLPlayerTopBar.h; sourceTree = "<group>"; };
		5E09E2DD1E7000F100ABF3E6 /* XLPlayerTopBar.m */ = {isa = PBXFileReference; fileEncoding = 4; lastKnownFileType = sourcecode.c.objc; path = XLPlayerTopBar.m; sourceTree = "<group>"; };
		5E09E2E41E70010000ABF3E6 /* player_play.png */ = {isa = PBXFileReference; lastKnownFileType = image.png; path = player_play.png; sourceTree = "<group>"; };
		5E09E2E51E70010000ABF3E6 /* player_pause.png */ = {isa = PBXFileReference; lastKnownFileType = image.png; path = player_pause.png; sourceTree = "<group>"; };
		5E09E2E81E7004CC00ABF3E6 /* existFullScreen.png */ = {isa = PBXFileReference; lastKnownFileType = image.png; path = existFullScreen.png; sourceTree = "<group>"; };
		5E09E2E91E7004CC00ABF3E6 /* goToFullScreen.png */ = {isa = PBXFileReference; lastKnownFileType = image.png; path = goToFullScreen.png; sourceTree = "<group>"; };
		5E09E2EC1E700BCD00ABF3E6 /* XLPlayerUtil.h */ = {isa = PBXFileReference; fileEncoding = 4; lastKnownFileType = sourcecode.c.h; path = XLPlayerUtil.h; sourceTree = "<group>"; };
		5E09E2ED1E700BCD00ABF3E6 /* XLPlayerUtil.m */ = {isa = PBXFileReference; fileEncoding = 4; lastKnownFileType = sourcecode.c.objc; path = XLPlayerUtil.m; sourceTree = "<group>"; };
		5E09E2F11E700ECA00ABF3E6 /* sliderThumImage@2x.png */ = {isa = PBXFileReference; lastKnownFileType = image.png; path = "sliderThumImage@2x.png"; sourceTree = "<group>"; };
		5EECB8241E768C32000E7DD4 /* ShowPlayerViewController.h */ = {isa = PBXFileReference; fileEncoding = 4; lastKnownFileType = sourcecode.c.h; path = ShowPlayerViewController.h; sourceTree = "<group>"; };
		5EECB8251E768C32000E7DD4 /* ShowPlayerViewController.m */ = {isa = PBXFileReference; fileEncoding = 4; lastKnownFileType = sourcecode.c.objc; path = ShowPlayerViewController.m; sourceTree = "<group>"; };
		5EECB8271E769D91000E7DD4 /* player_backButton.png */ = {isa = PBXFileReference; lastKnownFileType = image.png; path = player_backButton.png; sourceTree = "<group>"; };
		5EECB8291E76A38D000E7DD4 /* XLPlayerPanView.h */ = {isa = PBXFileReference; fileEncoding = 4; lastKnownFileType = sourcecode.c.h; path = XLPlayerPanView.h; sourceTree = "<group>"; };
		5EECB82A1E76A38D000E7DD4 /* XLPlayerPanView.m */ = {isa = PBXFileReference; fileEncoding = 4; lastKnownFileType = sourcecode.c.objc; path = XLPlayerPanView.m; sourceTree = "<group>"; };
/* End PBXFileReference section */

/* Begin PBXFrameworksBuildPhase section */
		5E09E2A31E6FDE2100ABF3E6 /* Frameworks */ = {
			isa = PBXFrameworksBuildPhase;
			buildActionMask = 2147483647;
			files = (
				5E09E2C61E6FE00F00ABF3E6 /* AVFoundation.framework in Frameworks */,
			);
			runOnlyForDeploymentPostprocessing = 0;
		};
/* End PBXFrameworksBuildPhase section */

/* Begin PBXGroup section */
		5E09E29D1E6FDE2100ABF3E6 = {
			isa = PBXGroup;
			children = (
				5E09E2C01E6FDE3500ABF3E6 /* XLAVPlayer */,
				5E09E2A81E6FDE2100ABF3E6 /* XLAVPlayerDemo */,
				5E09E2A71E6FDE2100ABF3E6 /* Products */,
				5E09E2C41E6FE00F00ABF3E6 /* Frameworks */,
			);
			sourceTree = "<group>";
		};
		5E09E2A71E6FDE2100ABF3E6 /* Products */ = {
			isa = PBXGroup;
			children = (
				5E09E2A61E6FDE2100ABF3E6 /* XLAVPlayerDemo.app */,
			);
			name = Products;
			sourceTree = "<group>";
		};
		5E09E2A81E6FDE2100ABF3E6 /* XLAVPlayerDemo */ = {
			isa = PBXGroup;
			children = (
				5E09E2AC1E6FDE2100ABF3E6 /* AppDelegate.h */,
				5E09E2AD1E6FDE2100ABF3E6 /* AppDelegate.m */,
				5E09E2AF1E6FDE2100ABF3E6 /* ViewController.h */,
				5E09E2B01E6FDE2100ABF3E6 /* ViewController.m */,
				5EECB8241E768C32000E7DD4 /* ShowPlayerViewController.h */,
				5EECB8251E768C32000E7DD4 /* ShowPlayerViewController.m */,
				5E09E2B21E6FDE2100ABF3E6 /* Main.storyboard */,
				5E09E2B51E6FDE2100ABF3E6 /* Assets.xcassets */,
				5E09E2B71E6FDE2100ABF3E6 /* LaunchScreen.storyboard */,
				5E09E2BA1E6FDE2100ABF3E6 /* Info.plist */,
				5E09E2A91E6FDE2100ABF3E6 /* Supporting Files */,
			);
			path = XLAVPlayerDemo;
			sourceTree = "<group>";
		};
		5E09E2A91E6FDE2100ABF3E6 /* Supporting Files */ = {
			isa = PBXGroup;
			children = (
				5E09E2AA1E6FDE2100ABF3E6 /* main.m */,
			);
			name = "Supporting Files";
			sourceTree = "<group>";
		};
		5E09E2C01E6FDE3500ABF3E6 /* XLAVPlayer */ = {
			isa = PBXGroup;
			children = (
				5E09E2D31E7000F100ABF3E6 /* Class */,
				5E09E2DE1E7000F100ABF3E6 /* Resource */,
			);
			path = XLAVPlayer;
			sourceTree = "<group>";
		};
		5E09E2C41E6FE00F00ABF3E6 /* Frameworks */ = {
			isa = PBXGroup;
			children = (
				5E09E2C51E6FE00F00ABF3E6 /* AVFoundation.framework */,
			);
			name = Frameworks;
			sourceTree = "<group>";
		};
		5E09E2D31E7000F100ABF3E6 /* Class */ = {
			isa = PBXGroup;
			children = (
				5E09E2D41E7000F100ABF3E6 /* XLAVPlayer.h */,
				5E09E2D51E7000F100ABF3E6 /* XLAVPlayer.m */,
				5E09E2D81E7000F100ABF3E6 /* XLPlayerControlView.h */,
				5E09E2D91E7000F100ABF3E6 /* XLPlayerControlView.m */,
				5EECB8291E76A38D000E7DD4 /* XLPlayerPanView.h */,
				5EECB82A1E76A38D000E7DD4 /* XLPlayerPanView.m */,
				5E09E2DC1E7000F100ABF3E6 /* XLPlayerTopBar.h */,
				5E09E2DD1E7000F100ABF3E6 /* XLPlayerTopBar.m */,
				5E09E2D61E7000F100ABF3E6 /* XLPlayerBottomBar.h */,
				5E09E2D71E7000F100ABF3E6 /* XLPlayerBottomBar.m */,
				5E09E2DA1E7000F100ABF3E6 /* XLPlayerProgress.h */,
				5E09E2DB1E7000F100ABF3E6 /* XLPlayerProgress.m */,
				5E09E2EC1E700BCD00ABF3E6 /* XLPlayerUtil.h */,
				5E09E2ED1E700BCD00ABF3E6 /* XLPlayerUtil.m */,
			);
			path = Class;
			sourceTree = "<group>";
		};
		5E09E2DE1E7000F100ABF3E6 /* Resource */ = {
			isa = PBXGroup;
			children = (
				5E09E2E41E70010000ABF3E6 /* player_play.png */,
				5E09E2E51E70010000ABF3E6 /* player_pause.png */,
				5E09E2E81E7004CC00ABF3E6 /* existFullScreen.png */,
				5E09E2E91E7004CC00ABF3E6 /* goToFullScreen.png */,
				5E09E2F11E700ECA00ABF3E6 /* sliderThumImage@2x.png */,
				5EECB8271E769D91000E7DD4 /* player_backButton.png */,
			);
			path = Resource;
			sourceTree = "<group>";
		};
/* End PBXGroup section */

/* Begin PBXNativeTarget section */
		5E09E2A51E6FDE2100ABF3E6 /* XLAVPlayerDemo */ = {
			isa = PBXNativeTarget;
			buildConfigurationList = 5E09E2BD1E6FDE2100ABF3E6 /* Build configuration list for PBXNativeTarget "XLAVPlayerDemo" */;
			buildPhases = (
				5E09E2A21E6FDE2100ABF3E6 /* Sources */,
				5E09E2A31E6FDE2100ABF3E6 /* Frameworks */,
				5E09E2A41E6FDE2100ABF3E6 /* Resources */,
			);
			buildRules = (
			);
			dependencies = (
			);
			name = XLAVPlayerDemo;
			productName = XLAVPlayerDemo;
			productReference = 5E09E2A61E6FDE2100ABF3E6 /* XLAVPlayerDemo.app */;
			productType = "com.apple.product-type.application";
		};
/* End PBXNativeTarget section */

/* Begin PBXProject section */
		5E09E29E1E6FDE2100ABF3E6 /* Project object */ = {
			isa = PBXProject;
			attributes = {
				LastUpgradeCheck = 0820;
				ORGANIZATIONNAME = MengXianLiang;
				TargetAttributes = {
					5E09E2A51E6FDE2100ABF3E6 = {
						CreatedOnToolsVersion = 8.2.1;
						DevelopmentTeam = X496RVQDTB;
						ProvisioningStyle = Manual;
					};
				};
			};
			buildConfigurationList = 5E09E2A11E6FDE2100ABF3E6 /* Build configuration list for PBXProject "XLAVPlayerDemo" */;
			compatibilityVersion = "Xcode 3.2";
			developmentRegion = English;
			hasScannedForEncodings = 0;
			knownRegions = (
				en,
				Base,
			);
			mainGroup = 5E09E29D1E6FDE2100ABF3E6;
			productRefGroup = 5E09E2A71E6FDE2100ABF3E6 /* Products */;
			projectDirPath = "";
			projectRoot = "";
			targets = (
				5E09E2A51E6FDE2100ABF3E6 /* XLAVPlayerDemo */,
			);
		};
/* End PBXProject section */

/* Begin PBXResourcesBuildPhase section */
		5E09E2A41E6FDE2100ABF3E6 /* Resources */ = {
			isa = PBXResourcesBuildPhase;
			buildActionMask = 2147483647;
			files = (
				5E09E2E71E70010000ABF3E6 /* player_pause.png in Resources */,
				5EECB8281E769D91000E7DD4 /* player_backButton.png in Resources */,
				5E09E2EB1E7004CC00ABF3E6 /* goToFullScreen.png in Resources */,
				5E09E2E61E70010000ABF3E6 /* player_play.png in Resources */,
				5E09E2B91E6FDE2100ABF3E6 /* LaunchScreen.storyboard in Resources */,
				5E09E2B61E6FDE2100ABF3E6 /* Assets.xcassets in Resources */,
				5E09E2EA1E7004CC00ABF3E6 /* existFullScreen.png in Resources */,
				5E09E2B41E6FDE2100ABF3E6 /* Main.storyboard in Resources */,
				5E09E2F21E700ECA00ABF3E6 /* sliderThumImage@2x.png in Resources */,
			);
			runOnlyForDeploymentPostprocessing = 0;
		};
/* End PBXResourcesBuildPhase section */

/* Begin PBXSourcesBuildPhase section */
		5E09E2A21E6FDE2100ABF3E6 /* Sources */ = {
			isa = PBXSourcesBuildPhase;
			buildActionMask = 2147483647;
			files = (
				5E09E2B11E6FDE2100ABF3E6 /* ViewController.m in Sources */,
				5E09E2AE1E6FDE2100ABF3E6 /* AppDelegate.m in Sources */,
				5E09E2AB1E6FDE2100ABF3E6 /* main.m in Sources */,
				5E09E2EE1E700BCD00ABF3E6 /* XLPlayerUtil.m in Sources */,
				5E09E2E21E7000F100ABF3E6 /* XLPlayerProgress.m in Sources */,
				5E09E2E31E7000F100ABF3E6 /* XLPlayerTopBar.m in Sources */,
				5EECB82B1E76A38D000E7DD4 /* XLPlayerPanView.m in Sources */,
				5E09E2DF1E7000F100ABF3E6 /* XLAVPlayer.m in Sources */,
				5E09E2E01E7000F100ABF3E6 /* XLPlayerBottomBar.m in Sources */,
				5EECB8261E768C32000E7DD4 /* ShowPlayerViewController.m in Sources */,
				5E09E2E11E7000F100ABF3E6 /* XLPlayerControlView.m in Sources */,
			);
			runOnlyForDeploymentPostprocessing = 0;
		};
/* End PBXSourcesBuildPhase section */

/* Begin PBXVariantGroup section */
		5E09E2B21E6FDE2100ABF3E6 /* Main.storyboard */ = {
			isa = PBXVariantGroup;
			children = (
				5E09E2B31E6FDE2100ABF3E6 /* Base */,
			);
			name = Main.storyboard;
			sourceTree = "<group>";
		};
		5E09E2B71E6FDE2100ABF3E6 /* LaunchScreen.storyboard */ = {
			isa = PBXVariantGroup;
			children = (
				5E09E2B81E6FDE2100ABF3E6 /* Base */,
			);
			name = LaunchScreen.storyboard;
			sourceTree = "<group>";
		};
/* End PBXVariantGroup section */

/* Begin XCBuildConfiguration section */
		5E09E2BB1E6FDE2100ABF3E6 /* Debug */ = {
			isa = XCBuildConfiguration;
			buildSettings = {
				ALWAYS_SEARCH_USER_PATHS = NO;
				CLANG_ANALYZER_NONNULL = YES;
				CLANG_CXX_LANGUAGE_STANDARD = "gnu++0x";
				CLANG_CXX_LIBRARY = "libc++";
				CLANG_ENABLE_MODULES = YES;
				CLANG_ENABLE_OBJC_ARC = YES;
				CLANG_WARN_BOOL_CONVERSION = YES;
				CLANG_WARN_CONSTANT_CONVERSION = YES;
				CLANG_WARN_DIRECT_OBJC_ISA_USAGE = YES_ERROR;
				CLANG_WARN_DOCUMENTATION_COMMENTS = YES;
				CLANG_WARN_EMPTY_BODY = YES;
				CLANG_WARN_ENUM_CONVERSION = YES;
				CLANG_WARN_INFINITE_RECURSION = YES;
				CLANG_WARN_INT_CONVERSION = YES;
				CLANG_WARN_OBJC_ROOT_CLASS = YES_ERROR;
				CLANG_WARN_SUSPICIOUS_MOVE = YES;
				CLANG_WARN_UNREACHABLE_CODE = YES;
				CLANG_WARN__DUPLICATE_METHOD_MATCH = YES;
				CODE_SIGN_IDENTITY = "iPhone Developer: xianliang meng (79SX5888C3)";
				COPY_PHASE_STRIP = NO;
				DEBUG_INFORMATION_FORMAT = dwarf;
				DEVELOPMENT_TEAM = X496RVQDTB;
				ENABLE_STRICT_OBJC_MSGSEND = YES;
				ENABLE_TESTABILITY = YES;
				GCC_C_LANGUAGE_STANDARD = gnu99;
				GCC_DYNAMIC_NO_PIC = NO;
				GCC_NO_COMMON_BLOCKS = YES;
				GCC_OPTIMIZATION_LEVEL = 0;
				GCC_PREPROCESSOR_DEFINITIONS = (
					"DEBUG=1",
					"$(inherited)",
				);
				GCC_WARN_64_TO_32_BIT_CONVERSION = YES;
				GCC_WARN_ABOUT_RETURN_TYPE = YES_ERROR;
				GCC_WARN_UNDECLARED_SELECTOR = YES;
				GCC_WARN_UNINITIALIZED_AUTOS = YES_AGGRESSIVE;
				GCC_WARN_UNUSED_FUNCTION = YES;
				GCC_WARN_UNUSED_VARIABLE = YES;
				IPHONEOS_DEPLOYMENT_TARGET = 10.2;
				MTL_ENABLE_DEBUG_INFO = YES;
				ONLY_ACTIVE_ARCH = YES;
				PROVISIONING_PROFILE = "63d0bee2-4f74-4b71-a719-620d70b5a076";
				SDKROOT = iphoneos;
			};
			name = Debug;
		};
		5E09E2BC1E6FDE2100ABF3E6 /* Release */ = {
			isa = XCBuildConfiguration;
			buildSettings = {
				ALWAYS_SEARCH_USER_PATHS = NO;
				CLANG_ANALYZER_NONNULL = YES;
				CLANG_CXX_LANGUAGE_STANDARD = "gnu++0x";
				CLANG_CXX_LIBRARY = "libc++";
				CLANG_ENABLE_MODULES = YES;
				CLANG_ENABLE_OBJC_ARC = YES;
				CLANG_WARN_BOOL_CONVERSION = YES;
				CLANG_WARN_CONSTANT_CONVERSION = YES;
				CLANG_WARN_DIRECT_OBJC_ISA_USAGE = YES_ERROR;
				CLANG_WARN_DOCUMENTATION_COMMENTS = YES;
				CLANG_WARN_EMPTY_BODY = YES;
				CLANG_WARN_ENUM_CONVERSION = YES;
				CLANG_WARN_INFINITE_RECURSION = YES;
				CLANG_WARN_INT_CONVERSION = YES;
				CLANG_WARN_OBJC_ROOT_CLASS = YES_ERROR;
				CLANG_WARN_SUSPICIOUS_MOVE = YES;
				CLANG_WARN_UNREACHABLE_CODE = YES;
				CLANG_WARN__DUPLICATE_METHOD_MATCH = YES;
				CODE_SIGN_IDENTITY = "iPhone Developer: xianliang meng (79SX5888C3)";
				COPY_PHASE_STRIP = NO;
				DEBUG_INFORMATION_FORMAT = "dwarf-with-dsym";
				DEVELOPMENT_TEAM = X496RVQDTB;
				ENABLE_NS_ASSERTIONS = NO;
				ENABLE_STRICT_OBJC_MSGSEND = YES;
				GCC_C_LANGUAGE_STANDARD = gnu99;
				GCC_NO_COMMON_BLOCKS = YES;
				GCC_WARN_64_TO_32_BIT_CONVERSION = YES;
				GCC_WARN_ABOUT_RETURN_TYPE = YES_ERROR;
				GCC_WARN_UNDECLARED_SELECTOR = YES;
				GCC_WARN_UNINITIALIZED_AUTOS = YES_AGGRESSIVE;
				GCC_WARN_UNUSED_FUNCTION = YES;
				GCC_WARN_UNUSED_VARIABLE = YES;
				IPHONEOS_DEPLOYMENT_TARGET = 10.2;
				MTL_ENABLE_DEBUG_INFO = NO;
				PROVISIONING_PROFILE = "63d0bee2-4f74-4b71-a719-620d70b5a076";
				SDKROOT = iphoneos;
				VALIDATE_PRODUCT = YES;
			};
			name = Release;
		};
		5E09E2BE1E6FDE2100ABF3E6 /* Debug */ = {
			isa = XCBuildConfiguration;
			buildSettings = {
				ASSETCATALOG_COMPILER_APPICON_NAME = AppIcon;
				CODE_SIGN_IDENTITY = "iPhone Developer: xianliang meng (79SX5888C3)";
				DEVELOPMENT_TEAM = X496RVQDTB;
				INFOPLIST_FILE = XLAVPlayerDemo/Info.plist;
				LD_RUNPATH_SEARCH_PATHS = "$(inherited) @executable_path/Frameworks";
				PRODUCT_BUNDLE_IDENTIFIER = mxl.XLAVPlayerDemo;
				PRODUCT_NAME = "$(TARGET_NAME)";
				PROVISIONING_PROFILE = "63d0bee2-4f74-4b71-a719-620d70b5a076";
			};
			name = Debug;
		};
		5E09E2BF1E6FDE2100ABF3E6 /* Release */ = {
			isa = XCBuildConfiguration;
			buildSettings = {
				ASSETCATALOG_COMPILER_APPICON_NAME = AppIcon;
				CODE_SIGN_IDENTITY = "iPhone Developer: xianliang meng (79SX5888C3)";
				DEVELOPMENT_TEAM = X496RVQDTB;
				INFOPLIST_FILE = XLAVPlayerDemo/Info.plist;
				LD_RUNPATH_SEARCH_PATHS = "$(inherited) @executable_path/Frameworks";
				PRODUCT_BUNDLE_IDENTIFIER = mxl.XLAVPlayerDemo;
				PRODUCT_NAME = "$(TARGET_NAME)";
				PROVISIONING_PROFILE = "63d0bee2-4f74-4b71-a719-620d70b5a076";
			};
			name = Release;
		};
/* End XCBuildConfiguration section */

/* Begin XCConfigurationList section */
		5E09E2A11E6FDE2100ABF3E6 /* Build configuration list for PBXProject "XLAVPlayerDemo" */ = {
			isa = XCConfigurationList;
			buildConfigurations = (
				5E09E2BB1E6FDE2100ABF3E6 /* Debug */,
				5E09E2BC1E6FDE2100ABF3E6 /* Release */,
			);
			defaultConfigurationIsVisible = 0;
			defaultConfigurationName = Release;
		};
		5E09E2BD1E6FDE2100ABF3E6 /* Build configuration list for PBXNativeTarget "XLAVPlayerDemo" */ = {
			isa = XCConfigurationList;
			buildConfigurations = (
				5E09E2BE1E6FDE2100ABF3E6 /* Debug */,
				5E09E2BF1E6FDE2100ABF3E6 /* Release */,
			);
			defaultConfigurationIsVisible = 0;
			defaultConfigurationName = Release;
		};
/* End XCConfigurationList section */
	};
	rootObject = 5E09E29E1E6FDE2100ABF3E6 /* Project object */;
}
